// !$*UTF8*$!
{
	archiveVersion = 1;
	classes = {
	};
	objectVersion = 48;
	objects = {

/* Begin PBXBuildFile section */
		470D93991F29792D005EA7BC /* TableViewController.swift in Sources */ = {isa = PBXBuildFile; fileRef = 470D93981F29792D005EA7BC /* TableViewController.swift */; };
		470D939B1F297C99005EA7BC /* ArrayOf.swift in Sources */ = {isa = PBXBuildFile; fileRef = 470D939A1F297C99005EA7BC /* ArrayOf.swift */; };
		47801A342176175B0066439F /* Main.storyboard in Resources */ = {isa = PBXBuildFile; fileRef = 47801A322176175B0066439F /* Main.storyboard */; };
		47A115231FA195A9009508AC /* InitialViewController.swift in Sources */ = {isa = PBXBuildFile; fileRef = 47A115221FA195A9009508AC /* InitialViewController.swift */; };
		47FBF5B61F29588C00C7DE01 /* AppDelegate.swift in Sources */ = {isa = PBXBuildFile; fileRef = 47FBF5B51F29588C00C7DE01 /* AppDelegate.swift */; };
		47FBF5B81F29588C00C7DE01 /* ViewController.swift in Sources */ = {isa = PBXBuildFile; fileRef = 47FBF5B71F29588C00C7DE01 /* ViewController.swift */; };
		47FBF5BD1F29588C00C7DE01 /* Assets.xcassets in Resources */ = {isa = PBXBuildFile; fileRef = 47FBF5BC1F29588C00C7DE01 /* Assets.xcassets */; };
		47FBF5C01F29588C00C7DE01 /* LaunchScreen.storyboard in Resources */ = {isa = PBXBuildFile; fileRef = 47FBF5BE1F29588C00C7DE01 /* LaunchScreen.storyboard */; };
/* End PBXBuildFile section */

/* Begin PBXFileReference section */
		470D93981F29792D005EA7BC /* TableViewController.swift */ = {isa = PBXFileReference; lastKnownFileType = sourcecode.swift; path = TableViewController.swift; sourceTree = "<group>"; };
		470D939A1F297C99005EA7BC /* ArrayOf.swift */ = {isa = PBXFileReference; lastKnownFileType = sourcecode.swift; path = ArrayOf.swift; sourceTree = "<group>"; };
		47801A332176175B0066439F /* Base */ = {isa = PBXFileReference; lastKnownFileType = file.storyboard; name = Base; path = Base.lproj/Main.storyboard; sourceTree = "<group>"; };
		47A115221FA195A9009508AC /* InitialViewController.swift */ = {isa = PBXFileReference; lastKnownFileType = sourcecode.swift; path = InitialViewController.swift; sourceTree = "<group>"; };
		47FBF5B21F29588C00C7DE01 /* ReactionTime.app */ = {isa = PBXFileReference; explicitFileType = wrapper.application; includeInIndex = 0; path = ReactionTime.app; sourceTree = BUILT_PRODUCTS_DIR; };
		47FBF5B51F29588C00C7DE01 /* AppDelegate.swift */ = {isa = PBXFileReference; lastKnownFileType = sourcecode.swift; path = AppDelegate.swift; sourceTree = "<group>"; };
		47FBF5B71F29588C00C7DE01 /* ViewController.swift */ = {isa = PBXFileReference; lastKnownFileType = sourcecode.swift; path = ViewController.swift; sourceTree = "<group>"; };
		47FBF5BC1F29588C00C7DE01 /* Assets.xcassets */ = {isa = PBXFileReference; lastKnownFileType = folder.assetcatalog; path = Assets.xcassets; sourceTree = "<group>"; };
		47FBF5BF1F29588C00C7DE01 /* Base */ = {isa = PBXFileReference; lastKnownFileType = file.storyboard; name = Base; path = Base.lproj/LaunchScreen.storyboard; sourceTree = "<group>"; };
		47FBF5C11F29588C00C7DE01 /* Info.plist */ = {isa = PBXFileReference; lastKnownFileType = text.plist.xml; path = Info.plist; sourceTree = "<group>"; };
/* End PBXFileReference section */

/* Begin PBXFrameworksBuildPhase section */
		47FBF5AF1F29588C00C7DE01 /* Frameworks */ = {
			isa = PBXFrameworksBuildPhase;
			buildActionMask = 2147483647;
			files = (
			);
			runOnlyForDeploymentPostprocessing = 0;
		};
/* End PBXFrameworksBuildPhase section */

/* Begin PBXGroup section */
		4732D0541F2FB51B0089B906 /* Frameworks */ = {
			isa = PBXGroup;
			children = (
			);
			name = Frameworks;
			sourceTree = "<group>";
		};
		47FBF5A91F29588C00C7DE01 = {
			isa = PBXGroup;
			children = (
				47FBF5B41F29588C00C7DE01 /* ReactionTime */,
				47FBF5B31F29588C00C7DE01 /* Products */,
				4732D0541F2FB51B0089B906 /* Frameworks */,
			);
			sourceTree = "<group>";
		};
		47FBF5B31F29588C00C7DE01 /* Products */ = {
			isa = PBXGroup;
			children = (
				47FBF5B21F29588C00C7DE01 /* ReactionTime.app */,
			);
			name = Products;
			sourceTree = "<group>";
		};
		47FBF5B41F29588C00C7DE01 /* ReactionTime */ = {
			isa = PBXGroup;
			children = (
				47FBF5B51F29588C00C7DE01 /* AppDelegate.swift */,
				47FBF5B71F29588C00C7DE01 /* ViewController.swift */,
				470D93981F29792D005EA7BC /* TableViewController.swift */,
				47A115221FA195A9009508AC /* InitialViewController.swift */,
				470D939A1F297C99005EA7BC /* ArrayOf.swift */,
				47FBF5BC1F29588C00C7DE01 /* Assets.xcassets */,
				47801A322176175B0066439F /* Main.storyboard */,
				47FBF5BE1F29588C00C7DE01 /* LaunchScreen.storyboard */,
				47FBF5C11F29588C00C7DE01 /* Info.plist */,
			);
			path = ReactionTime;
			sourceTree = "<group>";
		};
/* End PBXGroup section */

/* Begin PBXNativeTarget section */
		47FBF5B11F29588C00C7DE01 /* ReactionTime */ = {
			isa = PBXNativeTarget;
			buildConfigurationList = 47FBF5C41F29588C00C7DE01 /* Build configuration list for PBXNativeTarget "ReactionTime" */;
			buildPhases = (
				47FBF5AE1F29588C00C7DE01 /* Sources */,
				47FBF5AF1F29588C00C7DE01 /* Frameworks */,
				47FBF5B01F29588C00C7DE01 /* Resources */,
			);
			buildRules = (
			);
			dependencies = (
			);
			name = ReactionTime;
			productName = ReactionTime;
			productReference = 47FBF5B21F29588C00C7DE01 /* ReactionTime.app */;
			productType = "com.apple.product-type.application";
		};
/* End PBXNativeTarget section */

/* Begin PBXProject section */
		47FBF5AA1F29588C00C7DE01 /* Project object */ = {
			isa = PBXProject;
			attributes = {
				LastSwiftUpdateCheck = 0900;
				LastUpgradeCheck = 1000;
				ORGANIZATIONNAME = "Robert D. Brown";
				TargetAttributes = {
					47FBF5B11F29588C00C7DE01 = {
						CreatedOnToolsVersion = 9.0;
						LastSwiftMigration = 0900;
						SystemCapabilities = {
							com.apple.Push = {
								enabled = 0;
							};
							com.apple.iCloud = {
								enabled = 0;
							};
						};
					};
				};
			};
			buildConfigurationList = 47FBF5AD1F29588C00C7DE01 /* Build configuration list for PBXProject "ReactionTime" */;
			compatibilityVersion = "Xcode 8.0";
			developmentRegion = en;
			hasScannedForEncodings = 0;
			knownRegions = (
				en,
				Base,
			);
			mainGroup = 47FBF5A91F29588C00C7DE01;
			productRefGroup = 47FBF5B31F29588C00C7DE01 /* Products */;
			projectDirPath = "";
			projectRoot = "";
			targets = (
				47FBF5B11F29588C00C7DE01 /* ReactionTime */,
			);
		};
/* End PBXProject section */

/* Begin PBXResourcesBuildPhase section */
		47FBF5B01F29588C00C7DE01 /* Resources */ = {
			isa = PBXResourcesBuildPhase;
			buildActionMask = 2147483647;
			files = (
				47801A342176175B0066439F /* Main.storyboard in Resources */,
				47FBF5C01F29588C00C7DE01 /* LaunchScreen.storyboard in Resources */,
				47FBF5BD1F29588C00C7DE01 /* Assets.xcassets in Resources */,
			);
			runOnlyForDeploymentPostprocessing = 0;
		};
/* End PBXResourcesBuildPhase section */

/* Begin PBXSourcesBuildPhase section */
		47FBF5AE1F29588C00C7DE01 /* Sources */ = {
			isa = PBXSourcesBuildPhase;
			buildActionMask = 2147483647;
			files = (
				47A115231FA195A9009508AC /* InitialViewController.swift in Sources */,
				47FBF5B81F29588C00C7DE01 /* ViewController.swift in Sources */,
				470D93991F29792D005EA7BC /* TableViewController.swift in Sources */,
				470D939B1F297C99005EA7BC /* ArrayOf.swift in Sources */,
				47FBF5B61F29588C00C7DE01 /* AppDelegate.swift in Sources */,
			);
			runOnlyForDeploymentPostprocessing = 0;
		};
/* End PBXSourcesBuildPhase section */

/* Begin PBXVariantGroup section */
		47801A322176175B0066439F /* Main.storyboard */ = {
			isa = PBXVariantGroup;
			children = (
				47801A332176175B0066439F /* Base */,
			);
			name = Main.storyboard;
			sourceTree = "<group>";
		};
		47FBF5BE1F29588C00C7DE01 /* LaunchScreen.storyboard */ = {
			isa = PBXVariantGroup;
			children = (
				47FBF5BF1F29588C00C7DE01 /* Base */,
			);
			name = LaunchScreen.storyboard;
			sourceTree = "<group>";
		};
/* End PBXVariantGroup section */

/* Begin XCBuildConfiguration section */
		47FBF5C21F29588C00C7DE01 /* Debug */ = {
			isa = XCBuildConfiguration;
			buildSettings = {
				ALWAYS_SEARCH_USER_PATHS = NO;
				CLANG_ANALYZER_NONNULL = YES;
				CLANG_ANALYZER_NUMBER_OBJECT_CONVERSION = YES_AGGRESSIVE;
				CLANG_CXX_LANGUAGE_STANDARD = "gnu++14";
				CLANG_CXX_LIBRARY = "libc++";
				CLANG_ENABLE_MODULES = YES;
				CLANG_ENABLE_OBJC_ARC = YES;
				CLANG_WARN_BLOCK_CAPTURE_AUTORELEASING = YES;
				CLANG_WARN_BOOL_CONVERSION = YES;
				CLANG_WARN_COMMA = YES;
				CLANG_WARN_CONSTANT_CONVERSION = YES;
				CLANG_WARN_DEPRECATED_OBJC_IMPLEMENTATIONS = YES;
				CLANG_WARN_DIRECT_OBJC_ISA_USAGE = YES_ERROR;
				CLANG_WARN_DOCUMENTATION_COMMENTS = YES;
				CLANG_WARN_EMPTY_BODY = YES;
				CLANG_WARN_ENUM_CONVERSION = YES;
				CLANG_WARN_INFINITE_RECURSION = YES;
				CLANG_WARN_INT_CONVERSION = YES;
				CLANG_WARN_NON_LITERAL_NULL_CONVERSION = YES;
				CLANG_WARN_OBJC_IMPLICIT_RETAIN_SELF = YES;
				CLANG_WARN_OBJC_LITERAL_CONVERSION = YES;
				CLANG_WARN_OBJC_ROOT_CLASS = YES_ERROR;
				CLANG_WARN_RANGE_LOOP_ANALYSIS = YES;
				CLANG_WARN_STRICT_PROTOTYPES = YES;
				CLANG_WARN_SUSPICIOUS_MOVE = YES;
				CLANG_WARN_UNGUARDED_AVAILABILITY = YES_AGGRESSIVE;
				CLANG_WARN_UNREACHABLE_CODE = YES;
				CLANG_WARN__DUPLICATE_METHOD_MATCH = YES;
				CODE_SIGN_IDENTITY = "iPhone Developer";
				COPY_PHASE_STRIP = NO;
				DEBUG_INFORMATION_FORMAT = dwarf;
				ENABLE_STRICT_OBJC_MSGSEND = YES;
				ENABLE_TESTABILITY = YES;
				GCC_C_LANGUAGE_STANDARD = gnu11;
				GCC_DYNAMIC_NO_PIC = NO;
				GCC_NO_COMMON_BLOCKS = YES;
				GCC_OPTIMIZATION_LEVEL = 0;
				GCC_PREPROCESSOR_DEFINITIONS = (
					"DEBUG=1",
					"$(inherited)",
				);
				GCC_WARN_64_TO_32_BIT_CONVERSION = YES;
				GCC_WARN_ABOUT_RETURN_TYPE = YES_ERROR;
				GCC_WARN_UNDECLARED_SELECTOR = YES;
				GCC_WARN_UNINITIALIZED_AUTOS = YES_AGGRESSIVE;
				GCC_WARN_UNUSED_FUNCTION = YES;
				GCC_WARN_UNUSED_VARIABLE = YES;
				IPHONEOS_DEPLOYMENT_TARGET = 11.0;
				MTL_ENABLE_DEBUG_INFO = YES;
				ONLY_ACTIVE_ARCH = YES;
				SDKROOT = iphoneos;
				SWIFT_ACTIVE_COMPILATION_CONDITIONS = DEBUG;
				SWIFT_OPTIMIZATION_LEVEL = "-Onone";
			};
			name = Debug;
		};
		47FBF5C31F29588C00C7DE01 /* Release */ = {
			isa = XCBuildConfiguration;
			buildSettings = {
				ALWAYS_SEARCH_USER_PATHS = NO;
				CLANG_ANALYZER_NONNULL = YES;
				CLANG_ANALYZER_NUMBER_OBJECT_CONVERSION = YES_AGGRESSIVE;
				CLANG_CXX_LANGUAGE_STANDARD = "gnu++14";
				CLANG_CXX_LIBRARY = "libc++";
				CLANG_ENABLE_MODULES = YES;
				CLANG_ENABLE_OBJC_ARC = YES;
				CLANG_WARN_BLOCK_CAPTURE_AUTORELEASING = YES;
				CLANG_WARN_BOOL_CONVERSION = YES;
				CLANG_WARN_COMMA = YES;
				CLANG_WARN_CONSTANT_CONVERSION = YES;
				CLANG_WARN_DEPRECATED_OBJC_IMPLEMENTATIONS = YES;
				CLANG_WARN_DIRECT_OBJC_ISA_USAGE = YES_ERROR;
				CLANG_WARN_DOCUMENTATION_COMMENTS = YES;
				CLANG_WARN_EMPTY_BODY = YES;
				CLANG_WARN_ENUM_CONVERSION = YES;
				CLANG_WARN_INFINITE_RECURSION = YES;
				CLANG_WARN_INT_CONVERSION = YES;
				CLANG_WARN_NON_LITERAL_NULL_CONVERSION = YES;
				CLANG_WARN_OBJC_IMPLICIT_RETAIN_SELF = YES;
				CLANG_WARN_OBJC_LITERAL_CONVERSION = YES;
				CLANG_WARN_OBJC_ROOT_CLASS = YES_ERROR;
				CLANG_WARN_RANGE_LOOP_ANALYSIS = YES;
				CLANG_WARN_STRICT_PROTOTYPES = YES;
				CLANG_WARN_SUSPICIOUS_MOVE = YES;
				CLANG_WARN_UNGUARDED_AVAILABILITY = YES_AGGRESSIVE;
				CLANG_WARN_UNREACHABLE_CODE = YES;
				CLANG_WARN__DUPLICATE_METHOD_MATCH = YES;
				CODE_SIGN_IDENTITY = "iPhone Developer";
				COPY_PHASE_STRIP = NO;
				DEBUG_INFORMATION_FORMAT = "dwarf-with-dsym";
				ENABLE_NS_ASSERTIONS = NO;
				ENABLE_STRICT_OBJC_MSGSEND = YES;
				GCC_C_LANGUAGE_STANDARD = gnu11;
				GCC_NO_COMMON_BLOCKS = YES;
				GCC_WARN_64_TO_32_BIT_CONVERSION = YES;
				GCC_WARN_ABOUT_RETURN_TYPE = YES_ERROR;
				GCC_WARN_UNDECLARED_SELECTOR = YES;
				GCC_WARN_UNINITIALIZED_AUTOS = YES_AGGRESSIVE;
				GCC_WARN_UNUSED_FUNCTION = YES;
				GCC_WARN_UNUSED_VARIABLE = YES;
				IPHONEOS_DEPLOYMENT_TARGET = 11.0;
				MTL_ENABLE_DEBUG_INFO = NO;
				SDKROOT = iphoneos;
				SWIFT_OPTIMIZATION_LEVEL = "-Owholemodule";
				VALIDATE_PRODUCT = YES;
			};
			name = Release;
		};
		47FBF5C51F29588C00C7DE01 /* Debug */ = {
			isa = XCBuildConfiguration;
			buildSettings = {
				ASSETCATALOG_COMPILER_APPICON_NAME = AppIcon;
				DEVELOPMENT_TEAM = BWYT76Q3DS;
				INFOPLIST_FILE = ReactionTime/Info.plist;
				IPHONEOS_DEPLOYMENT_TARGET = 10.3;
				LD_RUNPATH_SEARCH_PATHS = "$(inherited) @executable_path/Frameworks";
				PRODUCT_BUNDLE_IDENTIFIER = jhhs.ReactionTime;
				PRODUCT_NAME = "$(TARGET_NAME)";
				SWIFT_SWIFT3_OBJC_INFERENCE = Default;
				SWIFT_VERSION = 4.0;
				TARGETED_DEVICE_FAMILY = "1,2";
			};
			name = Debug;
		};
		47FBF5C61F29588C00C7DE01 /* Release */ = {
			isa = XCBuildConfiguration;
			buildSettings = {
				ASSETCATALOG_COMPILER_APPICON_NAME = AppIcon;
				DEVELOPMENT_TEAM = BWYT76Q3DS;
				INFOPLIST_FILE = ReactionTime/Info.plist;
				IPHONEOS_DEPLOYMENT_TARGET = 10.3;
				LD_RUNPATH_SEARCH_PATHS = "$(inherited) @executable_path/Frameworks";
				PRODUCT_BUNDLE_IDENTIFIER = jhhs.ReactionTime;
				PRODUCT_NAME = "$(TARGET_NAME)";
				SWIFT_SWIFT3_OBJC_INFERENCE = Default;
				SWIFT_VERSION = 4.0;
				TARGETED_DEVICE_FAMILY = "1,2";
			};
			name = Release;
		};
/* End XCBuildConfiguration section */

/* Begin XCConfigurationList section */
		47FBF5AD1F29588C00C7DE01 /* Build configuration list for PBXProject "ReactionTime" */ = {
			isa = XCConfigurationList;
			buildConfigurations = (
				47FBF5C21F29588C00C7DE01 /* Debug */,
				47FBF5C31F29588C00C7DE01 /* Release */,
			);
			defaultConfigurationIsVisible = 0;
			defaultConfigurationName = Release;
		};
		47FBF5C41F29588C00C7DE01 /* Build configuration list for PBXNativeTarget "ReactionTime" */ = {
			isa = XCConfigurationList;
			buildConfigurations = (
				47FBF5C51F29588C00C7DE01 /* Debug */,
				47FBF5C61F29588C00C7DE01 /* Release */,
			);
			defaultConfigurationIsVisible = 0;
			defaultConfigurationName = Release;
		};
/* End XCConfigurationList section */
	};
	rootObject = 47FBF5AA1F29588C00C7DE01 /* Project object */;
}
